
Microsoft Visual Studio Solution File, Format Version 12.00
# Visual Studio 15
VisualStudioVersion = 15.0.27130.2036
MinimumVisualStudioVersion = 10.0.40219.1
Project("{FAE04EC0-301F-11D3-BF4B-00C04F79EFBC}") = "DicDic", "DicDic\DicDic.csproj", "{2FB90FFA-2B7F-43B4-A802-85787205FF06}"
EndProject
Global
	GlobalSection(SolutionConfigurationPlatforms) = preSolution
		Debug|Any CPU = Debug|Any CPU
		Release|Any CPU = Release|Any CPU
	EndGlobalSection
	GlobalSection(ProjectConfigurationPlatforms) = postSolution
		{2FB90FFA-2B7F-43B4-A802-85787205FF06}.Debug|Any CPU.ActiveCfg = Debug|Any CPU
		{2FB90FFA-2B7F-43B4-A802-85787205FF06}.Debug|Any CPU.Build.0 = Debug|Any CPU
		{2FB90FFA-2B7F-43B4-A802-85787205FF06}.Release|Any CPU.ActiveCfg = Release|Any CPU
		{2FB90FFA-2B7F-43B4-A802-85787205FF06}.Release|Any CPU.Build.0 = Release|Any CPU
	EndGlobalSection
	GlobalSection(SolutionProperties) = preSolution
		HideSolutionNode = FALSE
	EndGlobalSection
	GlobalSection(ExtensibilityGlobals) = postSolution
		SolutionGuid = {6E98200C-E976-4975-81E8-B9376B72F4CC}
	EndGlobalSection
EndGlobal
